
Microsoft Visual Studio Solution File, Format Version 12.00
# Visual Studio Version 17
VisualStudioVersion = 17.1.32414.318
MinimumVisualStudioVersion = 10.0.40219.1
Project("{9A19103F-16F7-4668-BE54-9A1E7A4F7556}") = "CatchTheBeans", "CatchTheBeans\CatchTheBeans.csproj", "{2330EC73-B781-462F-857D-5270704FE3AF}"
EndProject
Project("{2150E333-8FDC-42A3-9474-1A3956D46DE8}") = "Solution Items", "Solution Items", "{4A495479-A2AB-42C8-9930-0B400A1AC23C}"
	ProjectSection(SolutionItems) = preProject
		.editorconfig = .editorconfig
	EndProjectSection
EndProject
Global
	GlobalSection(SolutionConfigurationPlatforms) = preSolution
		Debug|Any CPU = Debug|Any CPU
		Release|Any CPU = Release|Any CPU
	EndGlobalSection
	GlobalSection(ProjectConfigurationPlatforms) = postSolution
		{2330EC73-B781-462F-857D-5270704FE3AF}.Debug|Any CPU.ActiveCfg = Debug|Any CPU
		{2330EC73-B781-462F-857D-5270704FE3AF}.Debug|Any CPU.Build.0 = Debug|Any CPU
		{2330EC73-B781-462F-857D-5270704FE3AF}.Release|Any CPU.ActiveCfg = Release|Any CPU
		{2330EC73-B781-462F-857D-5270704FE3AF}.Release|Any CPU.Build.0 = Release|Any CPU
	EndGlobalSection
	GlobalSection(SolutionProperties) = preSolution
		HideSolutionNode = FALSE
	EndGlobalSection
	GlobalSection(ExtensibilityGlobals) = postSolution
		SolutionGuid = {D0252EEC-59C9-46AE-A323-23A7F570CDAE}
	EndGlobalSection
EndGlobal
